// !$*UTF8*$!
{
	archiveVersion = 1;
	classes = {
	};
	objectVersion = 51;
	objects = {

/* Begin PBXBuildFile section */
		4006DF712673D77C00D2DA1B /* Home_VC.swift in Sources */ = {isa = PBXBuildFile; fileRef = 4006DF702673D77C00D2DA1B /* Home_VC.swift */; };
		4006DF732673DEFD00D2DA1B /* Constant.swift in Sources */ = {isa = PBXBuildFile; fileRef = 4006DF722673DEFD00D2DA1B /* Constant.swift */; };
		4006DF752673DF2600D2DA1B /* NetworkManager.swift in Sources */ = {isa = PBXBuildFile; fileRef = 4006DF742673DF2600D2DA1B /* NetworkManager.swift */; };
		4006DF772673DF3F00D2DA1B /* Extention.swift in Sources */ = {isa = PBXBuildFile; fileRef = 4006DF762673DF3F00D2DA1B /* Extention.swift */; };
		4006DF792673EB9C00D2DA1B /* Home_Container.swift in Sources */ = {isa = PBXBuildFile; fileRef = 4006DF782673EB9C00D2DA1B /* Home_Container.swift */; };
		4006DF7B2673EBD300D2DA1B /* ProductList_VC.swift in Sources */ = {isa = PBXBuildFile; fileRef = 4006DF7A2673EBD300D2DA1B /* ProductList_VC.swift */; };
		4006DF7D2673F27300D2DA1B /* ProductList_Cell.swift in Sources */ = {isa = PBXBuildFile; fileRef = 4006DF7C2673F27300D2DA1B /* ProductList_Cell.swift */; };
		4007FBB226765F0200B50E35 /* MyOrder_Cell.swift in Sources */ = {isa = PBXBuildFile; fileRef = 4007FBB126765F0200B50E35 /* MyOrder_Cell.swift */; };
		4007FBB426765F1C00B50E35 /* MyOrder_VC.swift in Sources */ = {isa = PBXBuildFile; fileRef = 4007FBB326765F1C00B50E35 /* MyOrder_VC.swift */; };
		400AE1422676910C0094E66D /* OrderDetails_Cell.swift in Sources */ = {isa = PBXBuildFile; fileRef = 400AE1412676910C0094E66D /* OrderDetails_Cell.swift */; };
		400AE1442676911F0094E66D /* OrderHeader_Cell.swift in Sources */ = {isa = PBXBuildFile; fileRef = 400AE1432676911F0094E66D /* OrderHeader_Cell.swift */; };
		400AE1462676913A0094E66D /* OrderStatus_Cell.swift in Sources */ = {isa = PBXBuildFile; fileRef = 400AE1452676913A0094E66D /* OrderStatus_Cell.swift */; };
		400AE1482676914C0094E66D /* PaymentSummary_Cell.swift in Sources */ = {isa = PBXBuildFile; fileRef = 400AE1472676914C0094E66D /* PaymentSummary_Cell.swift */; };
		400AE14A2676916A0094E66D /* DeliveryAddressCell.swift in Sources */ = {isa = PBXBuildFile; fileRef = 400AE1492676916A0094E66D /* DeliveryAddressCell.swift */; };
		400AE14C267691D60094E66D /* OrderViewDetails_VC.swift in Sources */ = {isa = PBXBuildFile; fileRef = 400AE14B267691D60094E66D /* OrderViewDetails_VC.swift */; };
		400AE150267693FC0094E66D /* Offers_VC.swift in Sources */ = {isa = PBXBuildFile; fileRef = 400AE14F267693FC0094E66D /* Offers_VC.swift */; };
		400AE1522676940F0094E66D /* Offers_Cell.swift in Sources */ = {isa = PBXBuildFile; fileRef = 400AE1512676940F0094E66D /* Offers_Cell.swift */; };
		400AE1552676943E0094E66D /* Notifications_Cell.swift in Sources */ = {isa = PBXBuildFile; fileRef = 400AE1542676943E0094E66D /* Notifications_Cell.swift */; };
		400AE157267694550094E66D /* Notifications_VC.swift in Sources */ = {isa = PBXBuildFile; fileRef = 400AE156267694550094E66D /* Notifications_VC.swift */; };
		400AE15E267694F30094E66D /* Help&Support_VC.swift in Sources */ = {isa = PBXBuildFile; fileRef = 400AE15D267694F30094E66D /* Help&Support_VC.swift */; };
		400E644226763B7E00DD2B1D /* Basket_VC.swift in Sources */ = {isa = PBXBuildFile; fileRef = 400E644126763B7E00DD2B1D /* Basket_VC.swift */; };
		400E644426763BC500DD2B1D /* Basket_Cell.swift in Sources */ = {isa = PBXBuildFile; fileRef = 400E644326763BC500DD2B1D /* Basket_Cell.swift */; };
		40570F5F267BC9F9000EFD57 /* CheckAvlbl_VC.swift in Sources */ = {isa = PBXBuildFile; fileRef = 40570F5E267BC9F9000EFD57 /* CheckAvlbl_VC.swift */; };
		40570F61267BCD3E000EFD57 /* Email_verification_VC.swift in Sources */ = {isa = PBXBuildFile; fileRef = 40570F60267BCD3E000EFD57 /* Email_verification_VC.swift */; };
		40570F63267BCD56000EFD57 /* Login_VC.swift in Sources */ = {isa = PBXBuildFile; fileRef = 40570F62267BCD56000EFD57 /* Login_VC.swift */; };
		40570F65267BCD85000EFD57 /* Forgot_password_VC.swift in Sources */ = {isa = PBXBuildFile; fileRef = 40570F64267BCD85000EFD57 /* Forgot_password_VC.swift */; };
		40570F67267BCD9F000EFD57 /* SignUp_VC.swift in Sources */ = {isa = PBXBuildFile; fileRef = 40570F66267BCD9F000EFD57 /* SignUp_VC.swift */; };
		4067526A2675CC4800F1F460 /* Menu_Cell.swift in Sources */ = {isa = PBXBuildFile; fileRef = 406752692675CC4800F1F460 /* Menu_Cell.swift */; };
		40CF0A6C26727DD200A284D6 /* AppDelegate.swift in Sources */ = {isa = PBXBuildFile; fileRef = 40CF0A6B26727DD200A284D6 /* AppDelegate.swift */; };
		40CF0A6E26727DD200A284D6 /* SceneDelegate.swift in Sources */ = {isa = PBXBuildFile; fileRef = 40CF0A6D26727DD200A284D6 /* SceneDelegate.swift */; };
		40CF0A7026727DD200A284D6 /* ViewController.swift in Sources */ = {isa = PBXBuildFile; fileRef = 40CF0A6F26727DD200A284D6 /* ViewController.swift */; };
		40CF0A7326727DD200A284D6 /* Main.storyboard in Resources */ = {isa = PBXBuildFile; fileRef = 40CF0A7126727DD200A284D6 /* Main.storyboard */; };
		40CF0A7526727DDB00A284D6 /* Assets.xcassets in Resources */ = {isa = PBXBuildFile; fileRef = 40CF0A7426727DDB00A284D6 /* Assets.xcassets */; };
		40CF0A7826727DDB00A284D6 /* LaunchScreen.storyboard in Resources */ = {isa = PBXBuildFile; fileRef = 40CF0A7626727DDB00A284D6 /* LaunchScreen.storyboard */; };
		DC410C30EF07D13321B30F8C /* Pods_Bandboxlaundry.framework in Frameworks */ = {isa = PBXBuildFile; fileRef = F655CA4B6BC733739EFE197C /* Pods_Bandboxlaundry.framework */; };
/* End PBXBuildFile section */

/* Begin PBXFileReference section */
		118865760D87111C56DDFF79 /* Pods-Bandboxlaundry.release.xcconfig */ = {isa = PBXFileReference; includeInIndex = 1; lastKnownFileType = text.xcconfig; name = "Pods-Bandboxlaundry.release.xcconfig"; path = "Target Support Files/Pods-Bandboxlaundry/Pods-Bandboxlaundry.release.xcconfig"; sourceTree = "<group>"; };
		4006DF702673D77C00D2DA1B /* Home_VC.swift */ = {isa = PBXFileReference; lastKnownFileType = sourcecode.swift; path = Home_VC.swift; sourceTree = "<group>"; };
		4006DF722673DEFD00D2DA1B /* Constant.swift */ = {isa = PBXFileReference; fileEncoding = 4; lastKnownFileType = sourcecode.swift; path = Constant.swift; sourceTree = "<group>"; };
		4006DF742673DF2600D2DA1B /* NetworkManager.swift */ = {isa = PBXFileReference; fileEncoding = 4; lastKnownFileType = sourcecode.swift; path = NetworkManager.swift; sourceTree = "<group>"; };
		4006DF762673DF3F00D2DA1B /* Extention.swift */ = {isa = PBXFileReference; fileEncoding = 4; lastKnownFileType = sourcecode.swift; path = Extention.swift; sourceTree = "<group>"; };
		4006DF782673EB9C00D2DA1B /* Home_Container.swift */ = {isa = PBXFileReference; lastKnownFileType = sourcecode.swift; path = Home_Container.swift; sourceTree = "<group>"; };
		4006DF7A2673EBD300D2DA1B /* ProductList_VC.swift */ = {isa = PBXFileReference; lastKnownFileType = sourcecode.swift; path = ProductList_VC.swift; sourceTree = "<group>"; };
		4006DF7C2673F27300D2DA1B /* ProductList_Cell.swift */ = {isa = PBXFileReference; lastKnownFileType = sourcecode.swift; path = ProductList_Cell.swift; sourceTree = "<group>"; };
		4007FBB126765F0200B50E35 /* MyOrder_Cell.swift */ = {isa = PBXFileReference; lastKnownFileType = sourcecode.swift; path = MyOrder_Cell.swift; sourceTree = "<group>"; };
		4007FBB326765F1C00B50E35 /* MyOrder_VC.swift */ = {isa = PBXFileReference; lastKnownFileType = sourcecode.swift; path = MyOrder_VC.swift; sourceTree = "<group>"; };
		400AE1412676910C0094E66D /* OrderDetails_Cell.swift */ = {isa = PBXFileReference; lastKnownFileType = sourcecode.swift; path = OrderDetails_Cell.swift; sourceTree = "<group>"; };
		400AE1432676911F0094E66D /* OrderHeader_Cell.swift */ = {isa = PBXFileReference; lastKnownFileType = sourcecode.swift; path = OrderHeader_Cell.swift; sourceTree = "<group>"; };
		400AE1452676913A0094E66D /* OrderStatus_Cell.swift */ = {isa = PBXFileReference; lastKnownFileType = sourcecode.swift; path = OrderStatus_Cell.swift; sourceTree = "<group>"; };
		400AE1472676914C0094E66D /* PaymentSummary_Cell.swift */ = {isa = PBXFileReference; lastKnownFileType = sourcecode.swift; path = PaymentSummary_Cell.swift; sourceTree = "<group>"; };
		400AE1492676916A0094E66D /* DeliveryAddressCell.swift */ = {isa = PBXFileReference; lastKnownFileType = sourcecode.swift; path = DeliveryAddressCell.swift; sourceTree = "<group>"; };
		400AE14B267691D60094E66D /* OrderViewDetails_VC.swift */ = {isa = PBXFileReference; lastKnownFileType = sourcecode.swift; path = OrderViewDetails_VC.swift; sourceTree = "<group>"; };
		400AE14F267693FC0094E66D /* Offers_VC.swift */ = {isa = PBXFileReference; lastKnownFileType = sourcecode.swift; path = Offers_VC.swift; sourceTree = "<group>"; };
		400AE1512676940F0094E66D /* Offers_Cell.swift */ = {isa = PBXFileReference; lastKnownFileType = sourcecode.swift; path = Offers_Cell.swift; sourceTree = "<group>"; };
		400AE1542676943E0094E66D /* Notifications_Cell.swift */ = {isa = PBXFileReference; lastKnownFileType = sourcecode.swift; path = Notifications_Cell.swift; sourceTree = "<group>"; };
		400AE156267694550094E66D /* Notifications_VC.swift */ = {isa = PBXFileReference; lastKnownFileType = sourcecode.swift; path = Notifications_VC.swift; sourceTree = "<group>"; };
		400AE15D267694F30094E66D /* Help&Support_VC.swift */ = {isa = PBXFileReference; lastKnownFileType = sourcecode.swift; path = "Help&Support_VC.swift"; sourceTree = "<group>"; };
		400E644126763B7E00DD2B1D /* Basket_VC.swift */ = {isa = PBXFileReference; lastKnownFileType = sourcecode.swift; path = Basket_VC.swift; sourceTree = "<group>"; };
		400E644326763BC500DD2B1D /* Basket_Cell.swift */ = {isa = PBXFileReference; lastKnownFileType = sourcecode.swift; path = Basket_Cell.swift; sourceTree = "<group>"; };
		40570F5E267BC9F9000EFD57 /* CheckAvlbl_VC.swift */ = {isa = PBXFileReference; lastKnownFileType = sourcecode.swift; path = CheckAvlbl_VC.swift; sourceTree = "<group>"; };
		40570F60267BCD3E000EFD57 /* Email_verification_VC.swift */ = {isa = PBXFileReference; lastKnownFileType = sourcecode.swift; path = Email_verification_VC.swift; sourceTree = "<group>"; };
		40570F62267BCD56000EFD57 /* Login_VC.swift */ = {isa = PBXFileReference; lastKnownFileType = sourcecode.swift; path = Login_VC.swift; sourceTree = "<group>"; };
		40570F64267BCD85000EFD57 /* Forgot_password_VC.swift */ = {isa = PBXFileReference; lastKnownFileType = sourcecode.swift; path = Forgot_password_VC.swift; sourceTree = "<group>"; };
		40570F66267BCD9F000EFD57 /* SignUp_VC.swift */ = {isa = PBXFileReference; lastKnownFileType = sourcecode.swift; path = SignUp_VC.swift; sourceTree = "<group>"; };
		40570F69267CFD8F000EFD57 /* CenturyGothic.ttf */ = {isa = PBXFileReference; lastKnownFileType = file; path = CenturyGothic.ttf; sourceTree = "<group>"; };
		40570F6A267CFD8F000EFD57 /* montserrat_medium.ttf */ = {isa = PBXFileReference; lastKnownFileType = file; path = montserrat_medium.ttf; sourceTree = "<group>"; };
		40570F6B267CFD90000EFD57 /* gothicb.ttf */ = {isa = PBXFileReference; lastKnownFileType = file; path = gothicb.ttf; sourceTree = "<group>"; };
		40570F6C267CFD90000EFD57 /* montserrat_bold.ttf */ = {isa = PBXFileReference; lastKnownFileType = file; path = montserrat_bold.ttf; sourceTree = "<group>"; };
		406752692675CC4800F1F460 /* Menu_Cell.swift */ = {isa = PBXFileReference; fileEncoding = 4; lastKnownFileType = sourcecode.swift; path = Menu_Cell.swift; sourceTree = "<group>"; };
		40CF0A6826727DD200A284D6 /* Bandboxlaundry.app */ = {isa = PBXFileReference; explicitFileType = wrapper.application; includeInIndex = 0; path = Bandboxlaundry.app; sourceTree = BUILT_PRODUCTS_DIR; };
		40CF0A6B26727DD200A284D6 /* AppDelegate.swift */ = {isa = PBXFileReference; lastKnownFileType = sourcecode.swift; path = AppDelegate.swift; sourceTree = "<group>"; };
		40CF0A6D26727DD200A284D6 /* SceneDelegate.swift */ = {isa = PBXFileReference; lastKnownFileType = sourcecode.swift; path = SceneDelegate.swift; sourceTree = "<group>"; };
		40CF0A6F26727DD200A284D6 /* ViewController.swift */ = {isa = PBXFileReference; lastKnownFileType = sourcecode.swift; path = ViewController.swift; sourceTree = "<group>"; };
		40CF0A7226727DD200A284D6 /* Base */ = {isa = PBXFileReference; lastKnownFileType = file.storyboard; name = Base; path = Base.lproj/Main.storyboard; sourceTree = "<group>"; };
		40CF0A7426727DDB00A284D6 /* Assets.xcassets */ = {isa = PBXFileReference; lastKnownFileType = folder.assetcatalog; path = Assets.xcassets; sourceTree = "<group>"; };
		40CF0A7726727DDB00A284D6 /* Base */ = {isa = PBXFileReference; lastKnownFileType = file.storyboard; name = Base; path = Base.lproj/LaunchScreen.storyboard; sourceTree = "<group>"; };
		40CF0A7926727DDB00A284D6 /* Info.plist */ = {isa = PBXFileReference; lastKnownFileType = text.plist.xml; path = Info.plist; sourceTree = "<group>"; };
		F34951247FA32228E8195ECE /* Pods-Bandboxlaundry.debug.xcconfig */ = {isa = PBXFileReference; includeInIndex = 1; lastKnownFileType = text.xcconfig; name = "Pods-Bandboxlaundry.debug.xcconfig"; path = "Target Support Files/Pods-Bandboxlaundry/Pods-Bandboxlaundry.debug.xcconfig"; sourceTree = "<group>"; };
		F655CA4B6BC733739EFE197C /* Pods_Bandboxlaundry.framework */ = {isa = PBXFileReference; explicitFileType = wrapper.framework; includeInIndex = 0; path = Pods_Bandboxlaundry.framework; sourceTree = BUILT_PRODUCTS_DIR; };
/* End PBXFileReference section */

/* Begin PBXFrameworksBuildPhase section */
		40CF0A6526727DD200A284D6 /* Frameworks */ = {
			isa = PBXFrameworksBuildPhase;
			buildActionMask = 2147483647;
			files = (
				DC410C30EF07D13321B30F8C /* Pods_Bandboxlaundry.framework in Frameworks */,
			);
			runOnlyForDeploymentPostprocessing = 0;
		};
/* End PBXFrameworksBuildPhase section */

/* Begin PBXGroup section */
		2A050B4AB77FFFF9C51ED52D /* Pods */ = {
			isa = PBXGroup;
			children = (
				F34951247FA32228E8195ECE /* Pods-Bandboxlaundry.debug.xcconfig */,
				118865760D87111C56DDFF79 /* Pods-Bandboxlaundry.release.xcconfig */,
			);
			path = Pods;
			sourceTree = "<group>";
		};
		4006DF6B2672AC5C00D2DA1B /* Controllers */ = {
			isa = PBXGroup;
			children = (
				40570F5D267BC9C7000EFD57 /* Pre Login */,
				400AE15C2676949F0094E66D /* Share with Freinds */,
				400AE15B267694950094E66D /* Rate Us */,
				400AE15A267694890094E66D /* Help & Support */,
				400AE1592676947D0094E66D /* Terms of Service */,
				400AE158267694690094E66D /* Privacy Policy */,
				400AE153267694260094E66D /* Notifications */,
				400AE14E267693E90094E66D /* Offers */,
				400AE13E267690B00094E66D /* Order View Details */,
				4007FBB026765EDD00B50E35 /* My Order */,
				400E644026763AB900DD2B1D /* Basket */,
				4067526B2675CC5700F1F460 /* Custom Cell */,
				4006DF6F2673D74F00D2DA1B /* Home */,
			);
			path = Controllers;
			sourceTree = "<group>";
		};
		4006DF6C2672AC6500D2DA1B /* Views */ = {
			isa = PBXGroup;
			children = (
				40CF0A7126727DD200A284D6 /* Main.storyboard */,
			);
			path = Views;
			sourceTree = "<group>";
		};
		4006DF6D2672AC7400D2DA1B /* Models */ = {
			isa = PBXGroup;
			children = (
			);
			path = Models;
			sourceTree = "<group>";
		};
		4006DF6E2672AC8000D2DA1B /* Utilities */ = {
			isa = PBXGroup;
			children = (
				40570F68267CFD7C000EFD57 /* Fonts */,
				4006DF722673DEFD00D2DA1B /* Constant.swift */,
				4006DF762673DF3F00D2DA1B /* Extention.swift */,
				4006DF742673DF2600D2DA1B /* NetworkManager.swift */,
			);
			path = Utilities;
			sourceTree = "<group>";
		};
		4006DF6F2673D74F00D2DA1B /* Home */ = {
			isa = PBXGroup;
			children = (
				4006DF702673D77C00D2DA1B /* Home_VC.swift */,
				4006DF782673EB9C00D2DA1B /* Home_Container.swift */,
				4006DF7A2673EBD300D2DA1B /* ProductList_VC.swift */,
			);
			path = Home;
			sourceTree = "<group>";
		};
		4007FBB026765EDD00B50E35 /* My Order */ = {
			isa = PBXGroup;
			children = (
				4007FBB126765F0200B50E35 /* MyOrder_Cell.swift */,
				4007FBB326765F1C00B50E35 /* MyOrder_VC.swift */,
			);
			path = "My Order";
			sourceTree = "<group>";
		};
		400AE13E267690B00094E66D /* Order View Details */ = {
			isa = PBXGroup;
			children = (
				400AE14D267693B90094E66D /* Cell */,
				400AE14B267691D60094E66D /* OrderViewDetails_VC.swift */,
			);
			path = "Order View Details";
			sourceTree = "<group>";
		};
		400AE14D267693B90094E66D /* Cell */ = {
			isa = PBXGroup;
			children = (
				400AE1412676910C0094E66D /* OrderDetails_Cell.swift */,
				400AE1432676911F0094E66D /* OrderHeader_Cell.swift */,
				400AE1452676913A0094E66D /* OrderStatus_Cell.swift */,
				400AE1472676914C0094E66D /* PaymentSummary_Cell.swift */,
				400AE1492676916A0094E66D /* DeliveryAddressCell.swift */,
			);
			path = Cell;
			sourceTree = "<group>";
		};
		400AE14E267693E90094E66D /* Offers */ = {
			isa = PBXGroup;
			children = (
				400AE14F267693FC0094E66D /* Offers_VC.swift */,
				400AE1512676940F0094E66D /* Offers_Cell.swift */,
			);
			path = Offers;
			sourceTree = "<group>";
		};
		400AE153267694260094E66D /* Notifications */ = {
			isa = PBXGroup;
			children = (
				400AE1542676943E0094E66D /* Notifications_Cell.swift */,
				400AE156267694550094E66D /* Notifications_VC.swift */,
			);
			path = Notifications;
			sourceTree = "<group>";
		};
		400AE158267694690094E66D /* Privacy Policy */ = {
			isa = PBXGroup;
			children = (
			);
			path = "Privacy Policy";
			sourceTree = "<group>";
		};
		400AE1592676947D0094E66D /* Terms of Service */ = {
			isa = PBXGroup;
			children = (
			);
			path = "Terms of Service";
			sourceTree = "<group>";
		};
		400AE15A267694890094E66D /* Help & Support */ = {
			isa = PBXGroup;
			children = (
				400AE15D267694F30094E66D /* Help&Support_VC.swift */,
			);
			path = "Help & Support";
			sourceTree = "<group>";
		};
		400AE15B267694950094E66D /* Rate Us */ = {
			isa = PBXGroup;
			children = (
			);
			path = "Rate Us";
			sourceTree = "<group>";
		};
		400AE15C2676949F0094E66D /* Share with Freinds */ = {
			isa = PBXGroup;
			children = (
			);
			path = "Share with Freinds";
			sourceTree = "<group>";
		};
		400E644026763AB900DD2B1D /* Basket */ = {
			isa = PBXGroup;
			children = (
				400E644126763B7E00DD2B1D /* Basket_VC.swift */,
				400E644326763BC500DD2B1D /* Basket_Cell.swift */,
			);
			path = Basket;
			sourceTree = "<group>";
		};
		40570F5D267BC9C7000EFD57 /* Pre Login */ = {
			isa = PBXGroup;
			children = (
				40570F5E267BC9F9000EFD57 /* CheckAvlbl_VC.swift */,
				40570F60267BCD3E000EFD57 /* Email_verification_VC.swift */,
				40570F62267BCD56000EFD57 /* Login_VC.swift */,
				40570F64267BCD85000EFD57 /* Forgot_password_VC.swift */,
				40570F66267BCD9F000EFD57 /* SignUp_VC.swift */,
			);
			path = "Pre Login";
			sourceTree = "<group>";
		};
		40570F68267CFD7C000EFD57 /* Fonts */ = {
			isa = PBXGroup;
			children = (
				40570F69267CFD8F000EFD57 /* CenturyGothic.ttf */,
				40570F6B267CFD90000EFD57 /* gothicb.ttf */,
				40570F6C267CFD90000EFD57 /* montserrat_bold.ttf */,
				40570F6A267CFD8F000EFD57 /* montserrat_medium.ttf */,
			);
			path = Fonts;
			sourceTree = "<group>";
		};
		4067526B2675CC5700F1F460 /* Custom Cell */ = {
			isa = PBXGroup;
			children = (
				406752692675CC4800F1F460 /* Menu_Cell.swift */,
				4006DF7C2673F27300D2DA1B /* ProductList_Cell.swift */,
			);
			path = "Custom Cell";
			sourceTree = "<group>";
		};
		40CF0A5F26727DD100A284D6 = {
			isa = PBXGroup;
			children = (
				40CF0A6A26727DD200A284D6 /* Bandboxlaundry */,
				40CF0A6926727DD200A284D6 /* Products */,
				2A050B4AB77FFFF9C51ED52D /* Pods */,
				E6FE62159FA052BFBA461631 /* Frameworks */,
			);
			sourceTree = "<group>";
		};
		40CF0A6926727DD200A284D6 /* Products */ = {
			isa = PBXGroup;
			children = (
				40CF0A6826727DD200A284D6 /* Bandboxlaundry.app */,
			);
			name = Products;
			sourceTree = "<group>";
		};
		40CF0A6A26727DD200A284D6 /* Bandboxlaundry */ = {
			isa = PBXGroup;
			children = (
				4006DF6E2672AC8000D2DA1B /* Utilities */,
				4006DF6D2672AC7400D2DA1B /* Models */,
				4006DF6C2672AC6500D2DA1B /* Views */,
				4006DF6B2672AC5C00D2DA1B /* Controllers */,
				40CF0A6B26727DD200A284D6 /* AppDelegate.swift */,
				40CF0A6D26727DD200A284D6 /* SceneDelegate.swift */,
				40CF0A6F26727DD200A284D6 /* ViewController.swift */,
				40CF0A7426727DDB00A284D6 /* Assets.xcassets */,
				40CF0A7626727DDB00A284D6 /* LaunchScreen.storyboard */,
				40CF0A7926727DDB00A284D6 /* Info.plist */,
			);
			path = Bandboxlaundry;
			sourceTree = "<group>";
		};
		E6FE62159FA052BFBA461631 /* Frameworks */ = {
			isa = PBXGroup;
			children = (
				F655CA4B6BC733739EFE197C /* Pods_Bandboxlaundry.framework */,
			);
			name = Frameworks;
			sourceTree = "<group>";
		};
/* End PBXGroup section */

/* Begin PBXNativeTarget section */
		40CF0A6726727DD200A284D6 /* Bandboxlaundry */ = {
			isa = PBXNativeTarget;
			buildConfigurationList = 40CF0A7C26727DDB00A284D6 /* Build configuration list for PBXNativeTarget "Bandboxlaundry" */;
			buildPhases = (
				3EC8E2CB18B97BEEE0594C46 /* [CP] Check Pods Manifest.lock */,
				40CF0A6426727DD200A284D6 /* Sources */,
				40CF0A6526727DD200A284D6 /* Frameworks */,
				40CF0A6626727DD200A284D6 /* Resources */,
				D6CC825F4EB5D833701D1C77 /* [CP] Embed Pods Frameworks */,
			);
			buildRules = (
			);
			dependencies = (
			);
			name = Bandboxlaundry;
			productName = Bandboxlaundry;
			productReference = 40CF0A6826727DD200A284D6 /* Bandboxlaundry.app */;
			productType = "com.apple.product-type.application";
		};
/* End PBXNativeTarget section */

/* Begin PBXProject section */
		40CF0A6026727DD100A284D6 /* Project object */ = {
			isa = PBXProject;
			attributes = {
				LastSwiftUpdateCheck = 1170;
				LastUpgradeCheck = 1170;
				ORGANIZATIONNAME = "kumar Gaurav";
				TargetAttributes = {
					40CF0A6726727DD200A284D6 = {
						CreatedOnToolsVersion = 11.7;
					};
				};
			};
			buildConfigurationList = 40CF0A6326727DD100A284D6 /* Build configuration list for PBXProject "Bandboxlaundry" */;
			compatibilityVersion = "Xcode 9.3";
			developmentRegion = en;
			hasScannedForEncodings = 0;
			knownRegions = (
				en,
				Base,
			);
			mainGroup = 40CF0A5F26727DD100A284D6;
			productRefGroup = 40CF0A6926727DD200A284D6 /* Products */;
			projectDirPath = "";
			projectRoot = "";
			targets = (
				40CF0A6726727DD200A284D6 /* Bandboxlaundry */,
			);
		};
/* End PBXProject section */

/* Begin PBXResourcesBuildPhase section */
		40CF0A6626727DD200A284D6 /* Resources */ = {
			isa = PBXResourcesBuildPhase;
			buildActionMask = 2147483647;
			files = (
				40CF0A7826727DDB00A284D6 /* LaunchScreen.storyboard in Resources */,
				40CF0A7526727DDB00A284D6 /* Assets.xcassets in Resources */,
				40CF0A7326727DD200A284D6 /* Main.storyboard in Resources */,
			);
			runOnlyForDeploymentPostprocessing = 0;
		};
/* End PBXResourcesBuildPhase section */

/* Begin PBXShellScriptBuildPhase section */
		3EC8E2CB18B97BEEE0594C46 /* [CP] Check Pods Manifest.lock */ = {
			isa = PBXShellScriptBuildPhase;
			buildActionMask = 2147483647;
			files = (
			);
			inputFileListPaths = (
			);
			inputPaths = (
				"${PODS_PODFILE_DIR_PATH}/Podfile.lock",
				"${PODS_ROOT}/Manifest.lock",
			);
			name = "[CP] Check Pods Manifest.lock";
			outputFileListPaths = (
			);
			outputPaths = (
				"$(DERIVED_FILE_DIR)/Pods-Bandboxlaundry-checkManifestLockResult.txt",
			);
			runOnlyForDeploymentPostprocessing = 0;
			shellPath = /bin/sh;
			shellScript = "diff \"${PODS_PODFILE_DIR_PATH}/Podfile.lock\" \"${PODS_ROOT}/Manifest.lock\" > /dev/null\nif [ $? != 0 ] ; then\n    # print error to STDERR\n    echo \"error: The sandbox is not in sync with the Podfile.lock. Run 'pod install' or update your CocoaPods installation.\" >&2\n    exit 1\nfi\n# This output is used by Xcode 'outputs' to avoid re-running this script phase.\necho \"SUCCESS\" > \"${SCRIPT_OUTPUT_FILE_0}\"\n";
			showEnvVarsInLog = 0;
		};
		D6CC825F4EB5D833701D1C77 /* [CP] Embed Pods Frameworks */ = {
			isa = PBXShellScriptBuildPhase;
			buildActionMask = 2147483647;
			files = (
			);
			inputFileListPaths = (
				"${PODS_ROOT}/Target Support Files/Pods-Bandboxlaundry/Pods-Bandboxlaundry-frameworks-${CONFIGURATION}-input-files.xcfilelist",
			);
			name = "[CP] Embed Pods Frameworks";
			outputFileListPaths = (
				"${PODS_ROOT}/Target Support Files/Pods-Bandboxlaundry/Pods-Bandboxlaundry-frameworks-${CONFIGURATION}-output-files.xcfilelist",
			);
			runOnlyForDeploymentPostprocessing = 0;
			shellPath = /bin/sh;
			shellScript = "\"${PODS_ROOT}/Target Support Files/Pods-Bandboxlaundry/Pods-Bandboxlaundry-frameworks.sh\"\n";
			showEnvVarsInLog = 0;
		};
/* End PBXShellScriptBuildPhase section */

/* Begin PBXSourcesBuildPhase section */
		40CF0A6426727DD200A284D6 /* Sources */ = {
			isa = PBXSourcesBuildPhase;
			buildActionMask = 2147483647;
			files = (
				4006DF752673DF2600D2DA1B /* NetworkManager.swift in Sources */,
				400AE157267694550094E66D /* Notifications_VC.swift in Sources */,
				4067526A2675CC4800F1F460 /* Menu_Cell.swift in Sources */,
				4006DF7B2673EBD300D2DA1B /* ProductList_VC.swift in Sources */,
				400AE1462676913A0094E66D /* OrderStatus_Cell.swift in Sources */,
				400E644426763BC500DD2B1D /* Basket_Cell.swift in Sources */,
				400AE1522676940F0094E66D /* Offers_Cell.swift in Sources */,
				4007FBB226765F0200B50E35 /* MyOrder_Cell.swift in Sources */,
				400AE1442676911F0094E66D /* OrderHeader_Cell.swift in Sources */,
				40570F63267BCD56000EFD57 /* Login_VC.swift in Sources */,
				40CF0A7026727DD200A284D6 /* ViewController.swift in Sources */,
				400AE14A2676916A0094E66D /* DeliveryAddressCell.swift in Sources */,
				4007FBB426765F1C00B50E35 /* MyOrder_VC.swift in Sources */,
				400E644226763B7E00DD2B1D /* Basket_VC.swift in Sources */,
				40570F65267BCD85000EFD57 /* Forgot_password_VC.swift in Sources */,
				400AE150267693FC0094E66D /* Offers_VC.swift in Sources */,
				400AE1482676914C0094E66D /* PaymentSummary_Cell.swift in Sources */,
				400AE14C267691D60094E66D /* OrderViewDetails_VC.swift in Sources */,
				4006DF792673EB9C00D2DA1B /* Home_Container.swift in Sources */,
				4006DF712673D77C00D2DA1B /* Home_VC.swift in Sources */,
				4006DF732673DEFD00D2DA1B /* Constant.swift in Sources */,
				40CF0A6C26727DD200A284D6 /* AppDelegate.swift in Sources */,
				40570F61267BCD3E000EFD57 /* Email_verification_VC.swift in Sources */,
				400AE15E267694F30094E66D /* Help&Support_VC.swift in Sources */,
				40570F67267BCD9F000EFD57 /* SignUp_VC.swift in Sources */,
				4006DF7D2673F27300D2DA1B /* ProductList_Cell.swift in Sources */,
				40570F5F267BC9F9000EFD57 /* CheckAvlbl_VC.swift in Sources */,
				400AE1552676943E0094E66D /* Notifications_Cell.swift in Sources */,
				40CF0A6E26727DD200A284D6 /* SceneDelegate.swift in Sources */,
				400AE1422676910C0094E66D /* OrderDetails_Cell.swift in Sources */,
				4006DF772673DF3F00D2DA1B /* Extention.swift in Sources */,
			);
			runOnlyForDeploymentPostprocessing = 0;
		};
/* End PBXSourcesBuildPhase section */

/* Begin PBXVariantGroup section */
		40CF0A7126727DD200A284D6 /* Main.storyboard */ = {
			isa = PBXVariantGroup;
			children = (
				40CF0A7226727DD200A284D6 /* Base */,
			);
			name = Main.storyboard;
			sourceTree = "<group>";
		};
		40CF0A7626727DDB00A284D6 /* LaunchScreen.storyboard */ = {
			isa = PBXVariantGroup;
			children = (
				40CF0A7726727DDB00A284D6 /* Base */,
			);
			name = LaunchScreen.storyboard;
			sourceTree = "<group>";
		};
/* End PBXVariantGroup section */

/* Begin XCBuildConfiguration section */
		40CF0A7A26727DDB00A284D6 /* Debug */ = {
			isa = XCBuildConfiguration;
			buildSettings = {
				ALWAYS_SEARCH_USER_PATHS = NO;
				CLANG_ANALYZER_NONNULL = YES;
				CLANG_ANALYZER_NUMBER_OBJECT_CONVERSION = YES_AGGRESSIVE;
				CLANG_CXX_LANGUAGE_STANDARD = "gnu++14";
				CLANG_CXX_LIBRARY = "libc++";
				CLANG_ENABLE_MODULES = YES;
				CLANG_ENABLE_OBJC_ARC = YES;
				CLANG_ENABLE_OBJC_WEAK = YES;
				CLANG_WARN_BLOCK_CAPTURE_AUTORELEASING = YES;
				CLANG_WARN_BOOL_CONVERSION = YES;
				CLANG_WARN_COMMA = YES;
				CLANG_WARN_CONSTANT_CONVERSION = YES;
				CLANG_WARN_DEPRECATED_OBJC_IMPLEMENTATIONS = YES;
				CLANG_WARN_DIRECT_OBJC_ISA_USAGE = YES_ERROR;
				CLANG_WARN_DOCUMENTATION_COMMENTS = YES;
				CLANG_WARN_EMPTY_BODY = YES;
				CLANG_WARN_ENUM_CONVERSION = YES;
				CLANG_WARN_INFINITE_RECURSION = YES;
				CLANG_WARN_INT_CONVERSION = YES;
				CLANG_WARN_NON_LITERAL_NULL_CONVERSION = YES;
				CLANG_WARN_OBJC_IMPLICIT_RETAIN_SELF = YES;
				CLANG_WARN_OBJC_LITERAL_CONVERSION = YES;
				CLANG_WARN_OBJC_ROOT_CLASS = YES_ERROR;
				CLANG_WARN_RANGE_LOOP_ANALYSIS = YES;
				CLANG_WARN_STRICT_PROTOTYPES = YES;
				CLANG_WARN_SUSPICIOUS_MOVE = YES;
				CLANG_WARN_UNGUARDED_AVAILABILITY = YES_AGGRESSIVE;
				CLANG_WARN_UNREACHABLE_CODE = YES;
				CLANG_WARN__DUPLICATE_METHOD_MATCH = YES;
				COPY_PHASE_STRIP = NO;
				DEBUG_INFORMATION_FORMAT = dwarf;
				ENABLE_STRICT_OBJC_MSGSEND = YES;
				ENABLE_TESTABILITY = YES;
				GCC_C_LANGUAGE_STANDARD = gnu11;
				GCC_DYNAMIC_NO_PIC = NO;
				GCC_NO_COMMON_BLOCKS = YES;
				GCC_OPTIMIZATION_LEVEL = 0;
				GCC_PREPROCESSOR_DEFINITIONS = (
					"DEBUG=1",
					"$(inherited)",
				);
				GCC_WARN_64_TO_32_BIT_CONVERSION = YES;
				GCC_WARN_ABOUT_RETURN_TYPE = YES_ERROR;
				GCC_WARN_UNDECLARED_SELECTOR = YES;
				GCC_WARN_UNINITIALIZED_AUTOS = YES_AGGRESSIVE;
				GCC_WARN_UNUSED_FUNCTION = YES;
				GCC_WARN_UNUSED_VARIABLE = YES;
				IPHONEOS_DEPLOYMENT_TARGET = 13.7;
				MTL_ENABLE_DEBUG_INFO = INCLUDE_SOURCE;
				MTL_FAST_MATH = YES;
				ONLY_ACTIVE_ARCH = YES;
				SDKROOT = iphoneos;
				SWIFT_ACTIVE_COMPILATION_CONDITIONS = DEBUG;
				SWIFT_OPTIMIZATION_LEVEL = "-Onone";
			};
			name = Debug;
		};
		40CF0A7B26727DDB00A284D6 /* Release */ = {
			isa = XCBuildConfiguration;
			buildSettings = {
				ALWAYS_SEARCH_USER_PATHS = NO;
				CLANG_ANALYZER_NONNULL = YES;
				CLANG_ANALYZER_NUMBER_OBJECT_CONVERSION = YES_AGGRESSIVE;
				CLANG_CXX_LANGUAGE_STANDARD = "gnu++14";
				CLANG_CXX_LIBRARY = "libc++";
				CLANG_ENABLE_MODULES = YES;
				CLANG_ENABLE_OBJC_ARC = YES;
				CLANG_ENABLE_OBJC_WEAK = YES;
				CLANG_WARN_BLOCK_CAPTURE_AUTORELEASING = YES;
				CLANG_WARN_BOOL_CONVERSION = YES;
				CLANG_WARN_COMMA = YES;
				CLANG_WARN_CONSTANT_CONVERSION = YES;
				CLANG_WARN_DEPRECATED_OBJC_IMPLEMENTATIONS = YES;
				CLANG_WARN_DIRECT_OBJC_ISA_USAGE = YES_ERROR;
				CLANG_WARN_DOCUMENTATION_COMMENTS = YES;
				CLANG_WARN_EMPTY_BODY = YES;
				CLANG_WARN_ENUM_CONVERSION = YES;
				CLANG_WARN_INFINITE_RECURSION = YES;
				CLANG_WARN_INT_CONVERSION = YES;
				CLANG_WARN_NON_LITERAL_NULL_CONVERSION = YES;
				CLANG_WARN_OBJC_IMPLICIT_RETAIN_SELF = YES;
				CLANG_WARN_OBJC_LITERAL_CONVERSION = YES;
				CLANG_WARN_OBJC_ROOT_CLASS = YES_ERROR;
				CLANG_WARN_RANGE_LOOP_ANALYSIS = YES;
				CLANG_WARN_STRICT_PROTOTYPES = YES;
				CLANG_WARN_SUSPICIOUS_MOVE = YES;
				CLANG_WARN_UNGUARDED_AVAILABILITY = YES_AGGRESSIVE;
				CLANG_WARN_UNREACHABLE_CODE = YES;
				CLANG_WARN__DUPLICATE_METHOD_MATCH = YES;
				COPY_PHASE_STRIP = NO;
				DEBUG_INFORMATION_FORMAT = "dwarf-with-dsym";
				ENABLE_NS_ASSERTIONS = NO;
				ENABLE_STRICT_OBJC_MSGSEND = YES;
				GCC_C_LANGUAGE_STANDARD = gnu11;
				GCC_NO_COMMON_BLOCKS = YES;
				GCC_WARN_64_TO_32_BIT_CONVERSION = YES;
				GCC_WARN_ABOUT_RETURN_TYPE = YES_ERROR;
				GCC_WARN_UNDECLARED_SELECTOR = YES;
				GCC_WARN_UNINITIALIZED_AUTOS = YES_AGGRESSIVE;
				GCC_WARN_UNUSED_FUNCTION = YES;
				GCC_WARN_UNUSED_VARIABLE = YES;
				IPHONEOS_DEPLOYMENT_TARGET = 13.7;
				MTL_ENABLE_DEBUG_INFO = NO;
				MTL_FAST_MATH = YES;
				SDKROOT = iphoneos;
				SWIFT_COMPILATION_MODE = wholemodule;
				SWIFT_OPTIMIZATION_LEVEL = "-O";
				VALIDATE_PRODUCT = YES;
			};
			name = Release;
		};
		40CF0A7D26727DDB00A284D6 /* Debug */ = {
			isa = XCBuildConfiguration;
			baseConfigurationReference = F34951247FA32228E8195ECE /* Pods-Bandboxlaundry.debug.xcconfig */;
			buildSettings = {
				ASSETCATALOG_COMPILER_APPICON_NAME = AppIcon;
				CODE_SIGN_STYLE = Automatic;
				INFOPLIST_FILE = Bandboxlaundry/Info.plist;
				IPHONEOS_DEPLOYMENT_TARGET = 11.0;
				LD_RUNPATH_SEARCH_PATHS = (
					"$(inherited)",
					"@executable_path/Frameworks",
				);
				PRODUCT_BUNDLE_IDENTIFIER = com.Bandboxlaundry;
				PRODUCT_NAME = "$(TARGET_NAME)";
				SWIFT_VERSION = 5.0;
				TARGETED_DEVICE_FAMILY = 1;
			};
			name = Debug;
		};
		40CF0A7E26727DDB00A284D6 /* Release */ = {
			isa = XCBuildConfiguration;
			baseConfigurationReference = 118865760D87111C56DDFF79 /* Pods-Bandboxlaundry.release.xcconfig */;
			buildSettings = {
				ASSETCATALOG_COMPILER_APPICON_NAME = AppIcon;
				CODE_SIGN_STYLE = Automatic;
				INFOPLIST_FILE = Bandboxlaundry/Info.plist;
				IPHONEOS_DEPLOYMENT_TARGET = 11.0;
				LD_RUNPATH_SEARCH_PATHS = (
					"$(inherited)",
					"@executable_path/Frameworks",
				);
				PRODUCT_BUNDLE_IDENTIFIER = com.Bandboxlaundry;
				PRODUCT_NAME = "$(TARGET_NAME)";
				SWIFT_VERSION = 5.0;
				TARGETED_DEVICE_FAMILY = 1;
			};
			name = Release;
		};
/* End XCBuildConfiguration section */

/* Begin XCConfigurationList section */
		40CF0A6326727DD100A284D6 /* Build configuration list for PBXProject "Bandboxlaundry" */ = {
			isa = XCConfigurationList;
			buildConfigurations = (
				40CF0A7A26727DDB00A284D6 /* Debug */,
				40CF0A7B26727DDB00A284D6 /* Release */,
			);
			defaultConfigurationIsVisible = 0;
			defaultConfigurationName = Release;
		};
		40CF0A7C26727DDB00A284D6 /* Build configuration list for PBXNativeTarget "Bandboxlaundry" */ = {
			isa = XCConfigurationList;
			buildConfigurations = (
				40CF0A7D26727DDB00A284D6 /* Debug */,
				40CF0A7E26727DDB00A284D6 /* Release */,
			);
			defaultConfigurationIsVisible = 0;
			defaultConfigurationName = Release;
		};
/* End XCConfigurationList section */
	};
	rootObject = 40CF0A6026727DD100A284D6 /* Project object */;
}
